// !$*UTF8*$!
{
	archiveVersion = 1;
	classes = {
	};
	objectVersion = 46;
	objects = {

/* Begin PBXBuildFile section */
		61EE66A21EF05CCE005C57B2 /* MKAnnotationView+WebCache.m in Sources */ = {isa = PBXBuildFile; fileRef = 61EE667C1EF05CCE005C57B2 /* MKAnnotationView+WebCache.m */; };
		61EE66A31EF05CCE005C57B2 /* NSData+ImageContentType.m in Sources */ = {isa = PBXBuildFile; fileRef = 61EE667E1EF05CCE005C57B2 /* NSData+ImageContentType.m */; };
		61EE66A41EF05CCE005C57B2 /* NSImage+WebCache.m in Sources */ = {isa = PBXBuildFile; fileRef = 61EE66801EF05CCE005C57B2 /* NSImage+WebCache.m */; };
		61EE66A51EF05CCE005C57B2 /* SDImageCache.m in Sources */ = {isa = PBXBuildFile; fileRef = 61EE66821EF05CCE005C57B2 /* SDImageCache.m */; };
		61EE66A61EF05CCE005C57B2 /* SDImageCacheConfig.m in Sources */ = {isa = PBXBuildFile; fileRef = 61EE66841EF05CCE005C57B2 /* SDImageCacheConfig.m */; };
		61EE66A71EF05CCE005C57B2 /* SDWebImageCompat.m in Sources */ = {isa = PBXBuildFile; fileRef = 61EE66861EF05CCE005C57B2 /* SDWebImageCompat.m */; };
		61EE66A81EF05CCE005C57B2 /* SDWebImageDecoder.m in Sources */ = {isa = PBXBuildFile; fileRef = 61EE66881EF05CCE005C57B2 /* SDWebImageDecoder.m */; };
		61EE66A91EF05CCE005C57B2 /* SDWebImageDownloader.m in Sources */ = {isa = PBXBuildFile; fileRef = 61EE668A1EF05CCE005C57B2 /* SDWebImageDownloader.m */; };
		61EE66AA1EF05CCE005C57B2 /* SDWebImageDownloaderOperation.m in Sources */ = {isa = PBXBuildFile; fileRef = 61EE668C1EF05CCE005C57B2 /* SDWebImageDownloaderOperation.m */; };
		61EE66AB1EF05CCE005C57B2 /* SDWebImageManager.m in Sources */ = {isa = PBXBuildFile; fileRef = 61EE668E1EF05CCE005C57B2 /* SDWebImageManager.m */; };
		61EE66AC1EF05CCE005C57B2 /* SDWebImagePrefetcher.m in Sources */ = {isa = PBXBuildFile; fileRef = 61EE66911EF05CCE005C57B2 /* SDWebImagePrefetcher.m */; };
		61EE66AD1EF05CCE005C57B2 /* UIButton+WebCache.m in Sources */ = {isa = PBXBuildFile; fileRef = 61EE66931EF05CCE005C57B2 /* UIButton+WebCache.m */; };
		61EE66AE1EF05CCE005C57B2 /* UIImage+GIF.m in Sources */ = {isa = PBXBuildFile; fileRef = 61EE66951EF05CCE005C57B2 /* UIImage+GIF.m */; };
		61EE66AF1EF05CCE005C57B2 /* UIImage+MultiFormat.m in Sources */ = {isa = PBXBuildFile; fileRef = 61EE66971EF05CCE005C57B2 /* UIImage+MultiFormat.m */; };
		61EE66B01EF05CCE005C57B2 /* UIImage+WebP.m in Sources */ = {isa = PBXBuildFile; fileRef = 61EE66991EF05CCE005C57B2 /* UIImage+WebP.m */; };
		61EE66B11EF05CCE005C57B2 /* UIImageView+HighlightedWebCache.m in Sources */ = {isa = PBXBuildFile; fileRef = 61EE669B1EF05CCE005C57B2 /* UIImageView+HighlightedWebCache.m */; };
		61EE66B21EF05CCE005C57B2 /* UIImageView+WebCache.m in Sources */ = {isa = PBXBuildFile; fileRef = 61EE669D1EF05CCE005C57B2 /* UIImageView+WebCache.m */; };
		61EE66B31EF05CCE005C57B2 /* UIView+WebCache.m in Sources */ = {isa = PBXBuildFile; fileRef = 61EE669F1EF05CCE005C57B2 /* UIView+WebCache.m */; };
		61EE66B41EF05CCE005C57B2 /* UIView+WebCacheOperation.m in Sources */ = {isa = PBXBuildFile; fileRef = 61EE66A11EF05CCE005C57B2 /* UIView+WebCacheOperation.m */; };
		734F05011ED35D2900AB4FA1 /* MemberCell.swift in Sources */ = {isa = PBXBuildFile; fileRef = 734F05001ED35D2900AB4FA1 /* MemberCell.swift */; };
		73E2E2431ED2239800FA7F41 /* ChannelCell.swift in Sources */ = {isa = PBXBuildFile; fileRef = 73E2E2421ED2239800FA7F41 /* ChannelCell.swift */; };
		92082AC81EE1CDFD00E3BA4E /* JBDate.swift in Sources */ = {isa = PBXBuildFile; fileRef = 92082AB91EE1CDFD00E3BA4E /* JBDate.swift */; };
		92082AC91EE1CDFD00E3BA4E /* JBDateExtension.swift in Sources */ = {isa = PBXBuildFile; fileRef = 92082ABA1EE1CDFD00E3BA4E /* JBDateExtension.swift */; };
		92082ACA1EE1CDFD00E3BA4E /* JBDatePickerContentVC.swift in Sources */ = {isa = PBXBuildFile; fileRef = 92082ABB1EE1CDFD00E3BA4E /* JBDatePickerContentVC.swift */; };
		92082ACB1EE1CDFD00E3BA4E /* JBDatePickerDayView.swift in Sources */ = {isa = PBXBuildFile; fileRef = 92082ABC1EE1CDFD00E3BA4E /* JBDatePickerDayView.swift */; };
		92082ACC1EE1CDFD00E3BA4E /* JBDatePickerEnums.swift in Sources */ = {isa = PBXBuildFile; fileRef = 92082ABD1EE1CDFD00E3BA4E /* JBDatePickerEnums.swift */; };
		92082ACD1EE1CDFD00E3BA4E /* JBDatePickerManager.swift in Sources */ = {isa = PBXBuildFile; fileRef = 92082ABE1EE1CDFD00E3BA4E /* JBDatePickerManager.swift */; };
		92082ACE1EE1CDFD00E3BA4E /* JBDatePickerMonthView.swift in Sources */ = {isa = PBXBuildFile; fileRef = 92082ABF1EE1CDFD00E3BA4E /* JBDatePickerMonthView.swift */; };
		92082ACF1EE1CDFD00E3BA4E /* JBDatePickerSelectionView.swift in Sources */ = {isa = PBXBuildFile; fileRef = 92082AC01EE1CDFD00E3BA4E /* JBDatePickerSelectionView.swift */; };
		92082AD01EE1CDFD00E3BA4E /* JBDatePickerView.swift in Sources */ = {isa = PBXBuildFile; fileRef = 92082AC11EE1CDFD00E3BA4E /* JBDatePickerView.swift */; };
		92082AD11EE1CDFD00E3BA4E /* JBDatePickerViewDelegate.swift in Sources */ = {isa = PBXBuildFile; fileRef = 92082AC21EE1CDFD00E3BA4E /* JBDatePickerViewDelegate.swift */; };
		92082AD21EE1CDFD00E3BA4E /* JBDatePickerWeekDaysView.swift in Sources */ = {isa = PBXBuildFile; fileRef = 92082AC31EE1CDFD00E3BA4E /* JBDatePickerWeekDaysView.swift */; };
		92082AD31EE1CDFD00E3BA4E /* JBDatePickerWeekView.swift in Sources */ = {isa = PBXBuildFile; fileRef = 92082AC41EE1CDFD00E3BA4E /* JBDatePickerWeekView.swift */; };
		92082AD41EE1CDFD00E3BA4E /* JBFont.swift in Sources */ = {isa = PBXBuildFile; fileRef = 92082AC51EE1CDFD00E3BA4E /* JBFont.swift */; };
		92082AD51EE1CDFD00E3BA4E /* Info.plist in Resources */ = {isa = PBXBuildFile; fileRef = 92082AC61EE1CDFD00E3BA4E /* Info.plist */; };
		92082AD81EE1CFCC00E3BA4E /* DatePickerViewController.swift in Sources */ = {isa = PBXBuildFile; fileRef = 92082AD71EE1CFCC00E3BA4E /* DatePickerViewController.swift */; };
		92E51A901EC235B70022AC6A /* Main2.storyboard in Resources */ = {isa = PBXBuildFile; fileRef = 92E51A8F1EC235B70022AC6A /* Main2.storyboard */; };
		92E51A941EC239A90022AC6A /* AddInterestToMsgVC.swift in Sources */ = {isa = PBXBuildFile; fileRef = 92E51A931EC239A90022AC6A /* AddInterestToMsgVC.swift */; };
		D30D9E981EB4704F00245FE5 /* HTag.swift in Sources */ = {isa = PBXBuildFile; fileRef = D30D9E951EB4704F00245FE5 /* HTag.swift */; };
		D30D9E991EB4704F00245FE5 /* HTagView.swift in Sources */ = {isa = PBXBuildFile; fileRef = D30D9E961EB4704F00245FE5 /* HTagView.swift */; };
		D30D9E9E1EB470B700245FE5 /* InterestVC.swift in Sources */ = {isa = PBXBuildFile; fileRef = D30D9E9D1EB470B700245FE5 /* InterestVC.swift */; };
		D30D9EA21EB4737800245FE5 /* TourGuideVC.swift in Sources */ = {isa = PBXBuildFile; fileRef = D30D9EA11EB4737800245FE5 /* TourGuideVC.swift */; };
		D30D9EA91EB4C64800245FE5 /* DiscoverVC.swift in Sources */ = {isa = PBXBuildFile; fileRef = D30D9EA81EB4C64800245FE5 /* DiscoverVC.swift */; };
		D312118E1ED0521500DAE68C /* CreateGroupVC.swift in Sources */ = {isa = PBXBuildFile; fileRef = D31211851ED0521500DAE68C /* CreateGroupVC.swift */; };
		D312118F1ED0521500DAE68C /* CreateGrpCell.swift in Sources */ = {isa = PBXBuildFile; fileRef = D31211861ED0521500DAE68C /* CreateGrpCell.swift */; };
		D31211901ED0521500DAE68C /* GroupCell.swift in Sources */ = {isa = PBXBuildFile; fileRef = D31211871ED0521500DAE68C /* GroupCell.swift */; };
		D31211911ED0521500DAE68C /* GroupEventDetailVC.swift in Sources */ = {isa = PBXBuildFile; fileRef = D31211881ED0521500DAE68C /* GroupEventDetailVC.swift */; };
		D31211921ED0521500DAE68C /* GroupVC.swift in Sources */ = {isa = PBXBuildFile; fileRef = D31211891ED0521500DAE68C /* GroupVC.swift */; };
		D31211931ED0521500DAE68C /* GroupEventDetailCell.swift in Sources */ = {isa = PBXBuildFile; fileRef = D312118A1ED0521500DAE68C /* GroupEventDetailCell.swift */; };
		D31211941ED0521500DAE68C /* profileCollectonviewCell.swift in Sources */ = {isa = PBXBuildFile; fileRef = D312118B1ED0521500DAE68C /* profileCollectonviewCell.swift */; };
		D31211951ED0521500DAE68C /* SettingCell.swift in Sources */ = {isa = PBXBuildFile; fileRef = D312118C1ED0521500DAE68C /* SettingCell.swift */; };
		D31211961ED0521500DAE68C /* SettingVC.swift in Sources */ = {isa = PBXBuildFile; fileRef = D312118D1ED0521500DAE68C /* SettingVC.swift */; };
		D312119A1ED0527E00DAE68C /* InterestCell.swift in Sources */ = {isa = PBXBuildFile; fileRef = D31211991ED0527E00DAE68C /* InterestCell.swift */; };
		D35522321EB5EBD000E0608C /* DiscoverCell.swift in Sources */ = {isa = PBXBuildFile; fileRef = D35522311EB5EBD000E0608C /* DiscoverCell.swift */; };
		D3599A101EA52B5000EC1D9B /* Cabin-Bold.ttf in Resources */ = {isa = PBXBuildFile; fileRef = D3599A081EA52B5000EC1D9B /* Cabin-Bold.ttf */; };
		D3599A111EA52B5000EC1D9B /* Cabin-Regular.ttf in Resources */ = {isa = PBXBuildFile; fileRef = D3599A091EA52B5000EC1D9B /* Cabin-Regular.ttf */; };
		D3599A141EA52B5000EC1D9B /* Montserrat-Bold.ttf in Resources */ = {isa = PBXBuildFile; fileRef = D3599A0C1EA52B5000EC1D9B /* Montserrat-Bold.ttf */; };
		D3599A151EA52B5000EC1D9B /* Montserrat-Light.otf in Resources */ = {isa = PBXBuildFile; fileRef = D3599A0D1EA52B5000EC1D9B /* Montserrat-Light.otf */; };
		D3599A161EA52B5000EC1D9B /* Montserrat-Regular.ttf in Resources */ = {isa = PBXBuildFile; fileRef = D3599A0E1EA52B5000EC1D9B /* Montserrat-Regular.ttf */; };
		D3599A171EA52B5000EC1D9B /* Odin Rounded-Regular.otf in Resources */ = {isa = PBXBuildFile; fileRef = D3599A0F1EA52B5000EC1D9B /* Odin Rounded-Regular.otf */; };
		D3599A1C1EA52BD200EC1D9B /* exljbris-MuseoSans-300.otf in Resources */ = {isa = PBXBuildFile; fileRef = D3599A1A1EA52BD200EC1D9B /* exljbris-MuseoSans-300.otf */; };
		D3599A1D1EA52BD200EC1D9B /* exljbris-MuseoSans-500.otf in Resources */ = {isa = PBXBuildFile; fileRef = D3599A1B1EA52BD200EC1D9B /* exljbris-MuseoSans-500.otf */; };
		D3599A1F1EA5342500EC1D9B /* LoginViewController.swift in Sources */ = {isa = PBXBuildFile; fileRef = D3599A1E1EA5342500EC1D9B /* LoginViewController.swift */; };
		D39749E61EA67CAB00E41482 /* SignupViewController.swift in Sources */ = {isa = PBXBuildFile; fileRef = D39749E51EA67CAB00E41482 /* SignupViewController.swift */; };
		D3BAC6281EB599A1002745AC /* TabBarViewController.swift in Sources */ = {isa = PBXBuildFile; fileRef = D3BAC6271EB599A1002745AC /* TabBarViewController.swift */; };
		D3BAC62F1EB59B4F002745AC /* MessageVC.swift in Sources */ = {isa = PBXBuildFile; fileRef = D3BAC62E1EB59B4F002745AC /* MessageVC.swift */; };
		D3BAC6311EB59B61002745AC /* ActivityVC.swift in Sources */ = {isa = PBXBuildFile; fileRef = D3BAC6301EB59B61002745AC /* ActivityVC.swift */; };
		D3BAC6331EB59B6E002745AC /* ProfileVC.swift in Sources */ = {isa = PBXBuildFile; fileRef = D3BAC6321EB59B6E002745AC /* ProfileVC.swift */; };
		D3C2CCBD1EA3B39A00996D8F /* AppDelegate.swift in Sources */ = {isa = PBXBuildFile; fileRef = D3C2CCBC1EA3B39A00996D8F /* AppDelegate.swift */; };
		D3C2CCBF1EA3B39A00996D8F /* ViewController.swift in Sources */ = {isa = PBXBuildFile; fileRef = D3C2CCBE1EA3B39A00996D8F /* ViewController.swift */; };
		D3C2CCC21EA3B39A00996D8F /* Main.storyboard in Resources */ = {isa = PBXBuildFile; fileRef = D3C2CCC01EA3B39A00996D8F /* Main.storyboard */; };
		D3C2CCC41EA3B39A00996D8F /* Assets.xcassets in Resources */ = {isa = PBXBuildFile; fileRef = D3C2CCC31EA3B39A00996D8F /* Assets.xcassets */; };
		D3C2CCC71EA3B39A00996D8F /* LaunchScreen.storyboard in Resources */ = {isa = PBXBuildFile; fileRef = D3C2CCC51EA3B39A00996D8F /* LaunchScreen.storyboard */; };
		D3C2CD051EA3B96100996D8F /* AppUtils.swift in Sources */ = {isa = PBXBuildFile; fileRef = D3C2CCD01EA3B96100996D8F /* AppUtils.swift */; };
		D3C2CD061EA3B96100996D8F /* Constant.swift in Sources */ = {isa = PBXBuildFile; fileRef = D3C2CCD11EA3B96100996D8F /* Constant.swift */; };
		D3C2CD081EA3B96100996D8F /* AFError.swift in Sources */ = {isa = PBXBuildFile; fileRef = D3C2CCD81EA3B96100996D8F /* AFError.swift */; };
		D3C2CD091EA3B96100996D8F /* Alamofire.swift in Sources */ = {isa = PBXBuildFile; fileRef = D3C2CCDA1EA3B96100996D8F /* Alamofire.swift */; };
		D3C2CD0A1EA3B96100996D8F /* DispatchQueue+Alamofire.swift in Sources */ = {isa = PBXBuildFile; fileRef = D3C2CCDB1EA3B96100996D8F /* DispatchQueue+Alamofire.swift */; };
		D3C2CD0B1EA3B96100996D8F /* Info.plist in Resources */ = {isa = PBXBuildFile; fileRef = D3C2CCDC1EA3B96100996D8F /* Info.plist */; };
		D3C2CD0C1EA3B96100996D8F /* MultipartFormData.swift in Sources */ = {isa = PBXBuildFile; fileRef = D3C2CCDD1EA3B96100996D8F /* MultipartFormData.swift */; };
		D3C2CD0D1EA3B96100996D8F /* NetworkReachabilityManager.swift in Sources */ = {isa = PBXBuildFile; fileRef = D3C2CCDE1EA3B96100996D8F /* NetworkReachabilityManager.swift */; };
		D3C2CD0E1EA3B96100996D8F /* Notifications.swift in Sources */ = {isa = PBXBuildFile; fileRef = D3C2CCDF1EA3B96100996D8F /* Notifications.swift */; };
		D3C2CD0F1EA3B96100996D8F /* ParameterEncoding.swift in Sources */ = {isa = PBXBuildFile; fileRef = D3C2CCE01EA3B96100996D8F /* ParameterEncoding.swift */; };
		D3C2CD101EA3B96100996D8F /* Request.swift in Sources */ = {isa = PBXBuildFile; fileRef = D3C2CCE11EA3B96100996D8F /* Request.swift */; };
		D3C2CD111EA3B96100996D8F /* Response.swift in Sources */ = {isa = PBXBuildFile; fileRef = D3C2CCE21EA3B96100996D8F /* Response.swift */; };
		D3C2CD121EA3B96100996D8F /* ResponseSerialization.swift in Sources */ = {isa = PBXBuildFile; fileRef = D3C2CCE31EA3B96100996D8F /* ResponseSerialization.swift */; };
		D3C2CD131EA3B96100996D8F /* Result.swift in Sources */ = {isa = PBXBuildFile; fileRef = D3C2CCE41EA3B96100996D8F /* Result.swift */; };
		D3C2CD141EA3B96100996D8F /* ServerTrustPolicy.swift in Sources */ = {isa = PBXBuildFile; fileRef = D3C2CCE51EA3B96100996D8F /* ServerTrustPolicy.swift */; };
		D3C2CD151EA3B96100996D8F /* SessionDelegate.swift in Sources */ = {isa = PBXBuildFile; fileRef = D3C2CCE61EA3B96100996D8F /* SessionDelegate.swift */; };
		D3C2CD161EA3B96100996D8F /* SessionManager.swift in Sources */ = {isa = PBXBuildFile; fileRef = D3C2CCE71EA3B96100996D8F /* SessionManager.swift */; };
		D3C2CD171EA3B96100996D8F /* TaskDelegate.swift in Sources */ = {isa = PBXBuildFile; fileRef = D3C2CCE81EA3B96100996D8F /* TaskDelegate.swift */; };
		D3C2CD181EA3B96100996D8F /* Timeline.swift in Sources */ = {isa = PBXBuildFile; fileRef = D3C2CCE91EA3B96100996D8F /* Timeline.swift */; };
		D3C2CD191EA3B96100996D8F /* Validation.swift in Sources */ = {isa = PBXBuildFile; fileRef = D3C2CCEA1EA3B96100996D8F /* Validation.swift */; };
		D3C2CD1A1EA3B96100996D8F /* SwiftyJSON.swift in Sources */ = {isa = PBXBuildFile; fileRef = D3C2CCEC1EA3B96100996D8F /* SwiftyJSON.swift */; };
		D3C2CD1B1EA3B96100996D8F /* IQNSArray+Sort.swift in Sources */ = {isa = PBXBuildFile; fileRef = D3C2CCEF1EA3B96100996D8F /* IQNSArray+Sort.swift */; };
		D3C2CD1C1EA3B96100996D8F /* IQUIScrollView+Additions.swift in Sources */ = {isa = PBXBuildFile; fileRef = D3C2CCF01EA3B96100996D8F /* IQUIScrollView+Additions.swift */; };
		D3C2CD1D1EA3B96100996D8F /* IQUITextFieldView+Additions.swift in Sources */ = {isa = PBXBuildFile; fileRef = D3C2CCF11EA3B96100996D8F /* IQUITextFieldView+Additions.swift */; };
		D3C2CD1E1EA3B96100996D8F /* IQUIView+Hierarchy.swift in Sources */ = {isa = PBXBuildFile; fileRef = D3C2CCF21EA3B96100996D8F /* IQUIView+Hierarchy.swift */; };
		D3C2CD1F1EA3B96100996D8F /* IQUIViewController+Additions.swift in Sources */ = {isa = PBXBuildFile; fileRef = D3C2CCF31EA3B96100996D8F /* IQUIViewController+Additions.swift */; };
		D3C2CD201EA3B96100996D8F /* IQUIWindow+Hierarchy.swift in Sources */ = {isa = PBXBuildFile; fileRef = D3C2CCF41EA3B96100996D8F /* IQUIWindow+Hierarchy.swift */; };
		D3C2CD211EA3B96100996D8F /* IQKeyboardManagerConstants.swift in Sources */ = {isa = PBXBuildFile; fileRef = D3C2CCF61EA3B96100996D8F /* IQKeyboardManagerConstants.swift */; };
		D3C2CD221EA3B96100996D8F /* IQKeyboardManagerConstantsInternal.swift in Sources */ = {isa = PBXBuildFile; fileRef = D3C2CCF71EA3B96100996D8F /* IQKeyboardManagerConstantsInternal.swift */; };
		D3C2CD231EA3B96100996D8F /* IQKeyboardManager.swift in Sources */ = {isa = PBXBuildFile; fileRef = D3C2CCF81EA3B96100996D8F /* IQKeyboardManager.swift */; };
		D3C2CD241EA3B96100996D8F /* IQKeyboardReturnKeyHandler.swift in Sources */ = {isa = PBXBuildFile; fileRef = D3C2CCFA1EA3B96100996D8F /* IQKeyboardReturnKeyHandler.swift */; };
		D3C2CD251EA3B96100996D8F /* IQTextView.swift in Sources */ = {isa = PBXBuildFile; fileRef = D3C2CCFC1EA3B96100996D8F /* IQTextView.swift */; };
		D3C2CD261EA3B96100996D8F /* IQBarButtonItem.swift in Sources */ = {isa = PBXBuildFile; fileRef = D3C2CCFE1EA3B96100996D8F /* IQBarButtonItem.swift */; };
		D3C2CD271EA3B96100996D8F /* IQPreviousNextView.swift in Sources */ = {isa = PBXBuildFile; fileRef = D3C2CCFF1EA3B96100996D8F /* IQPreviousNextView.swift */; };
		D3C2CD281EA3B96100996D8F /* IQTitleBarButtonItem.swift in Sources */ = {isa = PBXBuildFile; fileRef = D3C2CD001EA3B96100996D8F /* IQTitleBarButtonItem.swift */; };
		D3C2CD291EA3B96100996D8F /* IQToolbar.swift in Sources */ = {isa = PBXBuildFile; fileRef = D3C2CD011EA3B96100996D8F /* IQToolbar.swift */; };
		D3C2CD2A1EA3B96100996D8F /* IQUIView+IQKeyboardToolbar.swift in Sources */ = {isa = PBXBuildFile; fileRef = D3C2CD021EA3B96100996D8F /* IQUIView+IQKeyboardToolbar.swift */; };
		D3C2CD2B1EA3B96100996D8F /* IQKeyboardManager.bundle in Resources */ = {isa = PBXBuildFile; fileRef = D3C2CD041EA3B96100996D8F /* IQKeyboardManager.bundle */; };
		D3C2CD321EA3C87B00996D8F /* LoginVC.swift in Sources */ = {isa = PBXBuildFile; fileRef = D3C2CD311EA3C87B00996D8F /* LoginVC.swift */; };
		D3D49AFC1ED152530000ED81 /* GroupTitleVC.swift in Sources */ = {isa = PBXBuildFile; fileRef = D3D49AFB1ED152530000ED81 /* GroupTitleVC.swift */; };
/* End PBXBuildFile section */

/* Begin PBXFileReference section */
		61EE667B1EF05CCE005C57B2 /* MKAnnotationView+WebCache.h */ = {isa = PBXFileReference; fileEncoding = 4; lastKnownFileType = sourcecode.c.h; path = "MKAnnotationView+WebCache.h"; sourceTree = "<group>"; };
		61EE667C1EF05CCE005C57B2 /* MKAnnotationView+WebCache.m */ = {isa = PBXFileReference; fileEncoding = 4; lastKnownFileType = sourcecode.c.objc; path = "MKAnnotationView+WebCache.m"; sourceTree = "<group>"; };
		61EE667D1EF05CCE005C57B2 /* NSData+ImageContentType.h */ = {isa = PBXFileReference; fileEncoding = 4; lastKnownFileType = sourcecode.c.h; path = "NSData+ImageContentType.h"; sourceTree = "<group>"; };
		61EE667E1EF05CCE005C57B2 /* NSData+ImageContentType.m */ = {isa = PBXFileReference; fileEncoding = 4; lastKnownFileType = sourcecode.c.objc; path = "NSData+ImageContentType.m"; sourceTree = "<group>"; };
		61EE667F1EF05CCE005C57B2 /* NSImage+WebCache.h */ = {isa = PBXFileReference; fileEncoding = 4; lastKnownFileType = sourcecode.c.h; path = "NSImage+WebCache.h"; sourceTree = "<group>"; };
		61EE66801EF05CCE005C57B2 /* NSImage+WebCache.m */ = {isa = PBXFileReference; fileEncoding = 4; lastKnownFileType = sourcecode.c.objc; path = "NSImage+WebCache.m"; sourceTree = "<group>"; };
		61EE66811EF05CCE005C57B2 /* SDImageCache.h */ = {isa = PBXFileReference; fileEncoding = 4; lastKnownFileType = sourcecode.c.h; path = SDImageCache.h; sourceTree = "<group>"; };
		61EE66821EF05CCE005C57B2 /* SDImageCache.m */ = {isa = PBXFileReference; fileEncoding = 4; lastKnownFileType = sourcecode.c.objc; path = SDImageCache.m; sourceTree = "<group>"; };
		61EE66831EF05CCE005C57B2 /* SDImageCacheConfig.h */ = {isa = PBXFileReference; fileEncoding = 4; lastKnownFileType = sourcecode.c.h; path = SDImageCacheConfig.h; sourceTree = "<group>"; };
		61EE66841EF05CCE005C57B2 /* SDImageCacheConfig.m */ = {isa = PBXFileReference; fileEncoding = 4; lastKnownFileType = sourcecode.c.objc; path = SDImageCacheConfig.m; sourceTree = "<group>"; };
		61EE66851EF05CCE005C57B2 /* SDWebImageCompat.h */ = {isa = PBXFileReference; fileEncoding = 4; lastKnownFileType = sourcecode.c.h; path = SDWebImageCompat.h; sourceTree = "<group>"; };
		61EE66861EF05CCE005C57B2 /* SDWebImageCompat.m */ = {isa = PBXFileReference; fileEncoding = 4; lastKnownFileType = sourcecode.c.objc; path = SDWebImageCompat.m; sourceTree = "<group>"; };
		61EE66871EF05CCE005C57B2 /* SDWebImageDecoder.h */ = {isa = PBXFileReference; fileEncoding = 4; lastKnownFileType = sourcecode.c.h; path = SDWebImageDecoder.h; sourceTree = "<group>"; };
		61EE66881EF05CCE005C57B2 /* SDWebImageDecoder.m */ = {isa = PBXFileReference; fileEncoding = 4; lastKnownFileType = sourcecode.c.objc; path = SDWebImageDecoder.m; sourceTree = "<group>"; };
		61EE66891EF05CCE005C57B2 /* SDWebImageDownloader.h */ = {isa = PBXFileReference; fileEncoding = 4; lastKnownFileType = sourcecode.c.h; path = SDWebImageDownloader.h; sourceTree = "<group>"; };
		61EE668A1EF05CCE005C57B2 /* SDWebImageDownloader.m */ = {isa = PBXFileReference; fileEncoding = 4; lastKnownFileType = sourcecode.c.objc; path = SDWebImageDownloader.m; sourceTree = "<group>"; };
		61EE668B1EF05CCE005C57B2 /* SDWebImageDownloaderOperation.h */ = {isa = PBXFileReference; fileEncoding = 4; lastKnownFileType = sourcecode.c.h; path = SDWebImageDownloaderOperation.h; sourceTree = "<group>"; };
		61EE668C1EF05CCE005C57B2 /* SDWebImageDownloaderOperation.m */ = {isa = PBXFileReference; fileEncoding = 4; lastKnownFileType = sourcecode.c.objc; path = SDWebImageDownloaderOperation.m; sourceTree = "<group>"; };
		61EE668D1EF05CCE005C57B2 /* SDWebImageManager.h */ = {isa = PBXFileReference; fileEncoding = 4; lastKnownFileType = sourcecode.c.h; path = SDWebImageManager.h; sourceTree = "<group>"; };
		61EE668E1EF05CCE005C57B2 /* SDWebImageManager.m */ = {isa = PBXFileReference; fileEncoding = 4; lastKnownFileType = sourcecode.c.objc; path = SDWebImageManager.m; sourceTree = "<group>"; };
		61EE668F1EF05CCE005C57B2 /* SDWebImageOperation.h */ = {isa = PBXFileReference; fileEncoding = 4; lastKnownFileType = sourcecode.c.h; path = SDWebImageOperation.h; sourceTree = "<group>"; };
		61EE66901EF05CCE005C57B2 /* SDWebImagePrefetcher.h */ = {isa = PBXFileReference; fileEncoding = 4; lastKnownFileType = sourcecode.c.h; path = SDWebImagePrefetcher.h; sourceTree = "<group>"; };
		61EE66911EF05CCE005C57B2 /* SDWebImagePrefetcher.m */ = {isa = PBXFileReference; fileEncoding = 4; lastKnownFileType = sourcecode.c.objc; path = SDWebImagePrefetcher.m; sourceTree = "<group>"; };
		61EE66921EF05CCE005C57B2 /* UIButton+WebCache.h */ = {isa = PBXFileReference; fileEncoding = 4; lastKnownFileType = sourcecode.c.h; path = "UIButton+WebCache.h"; sourceTree = "<group>"; };
		61EE66931EF05CCE005C57B2 /* UIButton+WebCache.m */ = {isa = PBXFileReference; fileEncoding = 4; lastKnownFileType = sourcecode.c.objc; path = "UIButton+WebCache.m"; sourceTree = "<group>"; };
		61EE66941EF05CCE005C57B2 /* UIImage+GIF.h */ = {isa = PBXFileReference; fileEncoding = 4; lastKnownFileType = sourcecode.c.h; path = "UIImage+GIF.h"; sourceTree = "<group>"; };
		61EE66951EF05CCE005C57B2 /* UIImage+GIF.m */ = {isa = PBXFileReference; fileEncoding = 4; lastKnownFileType = sourcecode.c.objc; path = "UIImage+GIF.m"; sourceTree = "<group>"; };
		61EE66961EF05CCE005C57B2 /* UIImage+MultiFormat.h */ = {isa = PBXFileReference; fileEncoding = 4; lastKnownFileType = sourcecode.c.h; path = "UIImage+MultiFormat.h"; sourceTree = "<group>"; };
		61EE66971EF05CCE005C57B2 /* UIImage+MultiFormat.m */ = {isa = PBXFileReference; fileEncoding = 4; lastKnownFileType = sourcecode.c.objc; path = "UIImage+MultiFormat.m"; sourceTree = "<group>"; };
		61EE66981EF05CCE005C57B2 /* UIImage+WebP.h */ = {isa = PBXFileReference; fileEncoding = 4; lastKnownFileType = sourcecode.c.h; path = "UIImage+WebP.h"; sourceTree = "<group>"; };
		61EE66991EF05CCE005C57B2 /* UIImage+WebP.m */ = {isa = PBXFileReference; fileEncoding = 4; lastKnownFileType = sourcecode.c.objc; path = "UIImage+WebP.m"; sourceTree = "<group>"; };
		61EE669A1EF05CCE005C57B2 /* UIImageView+HighlightedWebCache.h */ = {isa = PBXFileReference; fileEncoding = 4; lastKnownFileType = sourcecode.c.h; path = "UIImageView+HighlightedWebCache.h"; sourceTree = "<group>"; };
		61EE669B1EF05CCE005C57B2 /* UIImageView+HighlightedWebCache.m */ = {isa = PBXFileReference; fileEncoding = 4; lastKnownFileType = sourcecode.c.objc; path = "UIImageView+HighlightedWebCache.m"; sourceTree = "<group>"; };
		61EE669C1EF05CCE005C57B2 /* UIImageView+WebCache.h */ = {isa = PBXFileReference; fileEncoding = 4; lastKnownFileType = sourcecode.c.h; path = "UIImageView+WebCache.h"; sourceTree = "<group>"; };
		61EE669D1EF05CCE005C57B2 /* UIImageView+WebCache.m */ = {isa = PBXFileReference; fileEncoding = 4; lastKnownFileType = sourcecode.c.objc; path = "UIImageView+WebCache.m"; sourceTree = "<group>"; };
		61EE669E1EF05CCE005C57B2 /* UIView+WebCache.h */ = {isa = PBXFileReference; fileEncoding = 4; lastKnownFileType = sourcecode.c.h; path = "UIView+WebCache.h"; sourceTree = "<group>"; };
		61EE669F1EF05CCE005C57B2 /* UIView+WebCache.m */ = {isa = PBXFileReference; fileEncoding = 4; lastKnownFileType = sourcecode.c.objc; path = "UIView+WebCache.m"; sourceTree = "<group>"; };
		61EE66A01EF05CCE005C57B2 /* UIView+WebCacheOperation.h */ = {isa = PBXFileReference; fileEncoding = 4; lastKnownFileType = sourcecode.c.h; path = "UIView+WebCacheOperation.h"; sourceTree = "<group>"; };
		61EE66A11EF05CCE005C57B2 /* UIView+WebCacheOperation.m */ = {isa = PBXFileReference; fileEncoding = 4; lastKnownFileType = sourcecode.c.objc; path = "UIView+WebCacheOperation.m"; sourceTree = "<group>"; };
		61EE66B51EF067CA005C57B2 /* Bonfire-Bridging-Header.h */ = {isa = PBXFileReference; lastKnownFileType = sourcecode.c.h; path = "Bonfire-Bridging-Header.h"; sourceTree = "<group>"; };
		734F05001ED35D2900AB4FA1 /* MemberCell.swift */ = {isa = PBXFileReference; fileEncoding = 4; lastKnownFileType = sourcecode.swift; path = MemberCell.swift; sourceTree = "<group>"; };
		73E2E2421ED2239800FA7F41 /* ChannelCell.swift */ = {isa = PBXFileReference; fileEncoding = 4; lastKnownFileType = sourcecode.swift; path = ChannelCell.swift; sourceTree = "<group>"; };
		92082AB91EE1CDFD00E3BA4E /* JBDate.swift */ = {isa = PBXFileReference; fileEncoding = 4; lastKnownFileType = sourcecode.swift; path = JBDate.swift; sourceTree = "<group>"; };
		92082ABA1EE1CDFD00E3BA4E /* JBDateExtension.swift */ = {isa = PBXFileReference; fileEncoding = 4; lastKnownFileType = sourcecode.swift; path = JBDateExtension.swift; sourceTree = "<group>"; };
		92082ABB1EE1CDFD00E3BA4E /* JBDatePickerContentVC.swift */ = {isa = PBXFileReference; fileEncoding = 4; lastKnownFileType = sourcecode.swift; path = JBDatePickerContentVC.swift; sourceTree = "<group>"; };
		92082ABC1EE1CDFD00E3BA4E /* JBDatePickerDayView.swift */ = {isa = PBXFileReference; fileEncoding = 4; lastKnownFileType = sourcecode.swift; path = JBDatePickerDayView.swift; sourceTree = "<group>"; };
		92082ABD1EE1CDFD00E3BA4E /* JBDatePickerEnums.swift */ = {isa = PBXFileReference; fileEncoding = 4; lastKnownFileType = sourcecode.swift; path = JBDatePickerEnums.swift; sourceTree = "<group>"; };
		92082ABE1EE1CDFD00E3BA4E /* JBDatePickerManager.swift */ = {isa = PBXFileReference; fileEncoding = 4; lastKnownFileType = sourcecode.swift; path = JBDatePickerManager.swift; sourceTree = "<group>"; };
		92082ABF1EE1CDFD00E3BA4E /* JBDatePickerMonthView.swift */ = {isa = PBXFileReference; fileEncoding = 4; lastKnownFileType = sourcecode.swift; path = JBDatePickerMonthView.swift; sourceTree = "<group>"; };
		92082AC01EE1CDFD00E3BA4E /* JBDatePickerSelectionView.swift */ = {isa = PBXFileReference; fileEncoding = 4; lastKnownFileType = sourcecode.swift; path = JBDatePickerSelectionView.swift; sourceTree = "<group>"; };
		92082AC11EE1CDFD00E3BA4E /* JBDatePickerView.swift */ = {isa = PBXFileReference; fileEncoding = 4; lastKnownFileType = sourcecode.swift; path = JBDatePickerView.swift; sourceTree = "<group>"; };
		92082AC21EE1CDFD00E3BA4E /* JBDatePickerViewDelegate.swift */ = {isa = PBXFileReference; fileEncoding = 4; lastKnownFileType = sourcecode.swift; path = JBDatePickerViewDelegate.swift; sourceTree = "<group>"; };
		92082AC31EE1CDFD00E3BA4E /* JBDatePickerWeekDaysView.swift */ = {isa = PBXFileReference; fileEncoding = 4; lastKnownFileType = sourcecode.swift; path = JBDatePickerWeekDaysView.swift; sourceTree = "<group>"; };
		92082AC41EE1CDFD00E3BA4E /* JBDatePickerWeekView.swift */ = {isa = PBXFileReference; fileEncoding = 4; lastKnownFileType = sourcecode.swift; path = JBDatePickerWeekView.swift; sourceTree = "<group>"; };
		92082AC51EE1CDFD00E3BA4E /* JBFont.swift */ = {isa = PBXFileReference; fileEncoding = 4; lastKnownFileType = sourcecode.swift; path = JBFont.swift; sourceTree = "<group>"; };
		92082AC61EE1CDFD00E3BA4E /* Info.plist */ = {isa = PBXFileReference; fileEncoding = 4; lastKnownFileType = text.plist.xml; path = Info.plist; sourceTree = "<group>"; };
		92082AC71EE1CDFD00E3BA4E /* JBDatePicker.h */ = {isa = PBXFileReference; fileEncoding = 4; lastKnownFileType = sourcecode.c.h; path = JBDatePicker.h; sourceTree = "<group>"; };
		92082AD71EE1CFCC00E3BA4E /* DatePickerViewController.swift */ = {isa = PBXFileReference; fileEncoding = 4; lastKnownFileType = sourcecode.swift; path = DatePickerViewController.swift; sourceTree = "<group>"; };
		92E51A8F1EC235B70022AC6A /* Main2.storyboard */ = {isa = PBXFileReference; fileEncoding = 4; lastKnownFileType = file.storyboard; path = Main2.storyboard; sourceTree = "<group>"; };
		92E51A931EC239A90022AC6A /* AddInterestToMsgVC.swift */ = {isa = PBXFileReference; fileEncoding = 4; lastKnownFileType = sourcecode.swift; path = AddInterestToMsgVC.swift; sourceTree = "<group>"; };
		D30D9E951EB4704F00245FE5 /* HTag.swift */ = {isa = PBXFileReference; fileEncoding = 4; lastKnownFileType = sourcecode.swift; path = HTag.swift; sourceTree = "<group>"; };
		D30D9E961EB4704F00245FE5 /* HTagView.swift */ = {isa = PBXFileReference; fileEncoding = 4; lastKnownFileType = sourcecode.swift; path = HTagView.swift; sourceTree = "<group>"; };
		D30D9E9D1EB470B700245FE5 /* InterestVC.swift */ = {isa = PBXFileReference; fileEncoding = 4; lastKnownFileType = sourcecode.swift; path = InterestVC.swift; sourceTree = "<group>"; };
		D30D9EA11EB4737800245FE5 /* TourGuideVC.swift */ = {isa = PBXFileReference; fileEncoding = 4; lastKnownFileType = sourcecode.swift; path = TourGuideVC.swift; sourceTree = "<group>"; };
		D30D9EA81EB4C64800245FE5 /* DiscoverVC.swift */ = {isa = PBXFileReference; fileEncoding = 4; lastKnownFileType = sourcecode.swift; path = DiscoverVC.swift; sourceTree = "<group>"; };
		D31211851ED0521500DAE68C /* CreateGroupVC.swift */ = {isa = PBXFileReference; fileEncoding = 4; lastKnownFileType = sourcecode.swift; path = CreateGroupVC.swift; sourceTree = "<group>"; };
		D31211861ED0521500DAE68C /* CreateGrpCell.swift */ = {isa = PBXFileReference; fileEncoding = 4; lastKnownFileType = sourcecode.swift; path = CreateGrpCell.swift; sourceTree = "<group>"; };
		D31211871ED0521500DAE68C /* GroupCell.swift */ = {isa = PBXFileReference; fileEncoding = 4; lastKnownFileType = sourcecode.swift; path = GroupCell.swift; sourceTree = "<group>"; };
		D31211881ED0521500DAE68C /* GroupEventDetailVC.swift */ = {isa = PBXFileReference; fileEncoding = 4; lastKnownFileType = sourcecode.swift; path = GroupEventDetailVC.swift; sourceTree = "<group>"; };
		D31211891ED0521500DAE68C /* GroupVC.swift */ = {isa = PBXFileReference; fileEncoding = 4; lastKnownFileType = sourcecode.swift; path = GroupVC.swift; sourceTree = "<group>"; };
		D312118A1ED0521500DAE68C /* GroupEventDetailCell.swift */ = {isa = PBXFileReference; fileEncoding = 4; lastKnownFileType = sourcecode.swift; path = GroupEventDetailCell.swift; sourceTree = "<group>"; };
		D312118B1ED0521500DAE68C /* profileCollectonviewCell.swift */ = {isa = PBXFileReference; fileEncoding = 4; lastKnownFileType = sourcecode.swift; path = profileCollectonviewCell.swift; sourceTree = "<group>"; };
		D312118C1ED0521500DAE68C /* SettingCell.swift */ = {isa = PBXFileReference; fileEncoding = 4; lastKnownFileType = sourcecode.swift; path = SettingCell.swift; sourceTree = "<group>"; };
		D312118D1ED0521500DAE68C /* SettingVC.swift */ = {isa = PBXFileReference; fileEncoding = 4; lastKnownFileType = sourcecode.swift; path = SettingVC.swift; sourceTree = "<group>"; };
		D31211991ED0527E00DAE68C /* InterestCell.swift */ = {isa = PBXFileReference; fileEncoding = 4; lastKnownFileType = sourcecode.swift; path = InterestCell.swift; sourceTree = "<group>"; };
		D35522311EB5EBD000E0608C /* DiscoverCell.swift */ = {isa = PBXFileReference; fileEncoding = 4; lastKnownFileType = sourcecode.swift; path = DiscoverCell.swift; sourceTree = "<group>"; };
		D3599A081EA52B5000EC1D9B /* Cabin-Bold.ttf */ = {isa = PBXFileReference; lastKnownFileType = file; path = "Cabin-Bold.ttf"; sourceTree = "<group>"; };
		D3599A091EA52B5000EC1D9B /* Cabin-Regular.ttf */ = {isa = PBXFileReference; lastKnownFileType = file; path = "Cabin-Regular.ttf"; sourceTree = "<group>"; };
		D3599A0C1EA52B5000EC1D9B /* Montserrat-Bold.ttf */ = {isa = PBXFileReference; lastKnownFileType = file; path = "Montserrat-Bold.ttf"; sourceTree = "<group>"; };
		D3599A0D1EA52B5000EC1D9B /* Montserrat-Light.otf */ = {isa = PBXFileReference; lastKnownFileType = file; path = "Montserrat-Light.otf"; sourceTree = "<group>"; };
		D3599A0E1EA52B5000EC1D9B /* Montserrat-Regular.ttf */ = {isa = PBXFileReference; lastKnownFileType = file; path = "Montserrat-Regular.ttf"; sourceTree = "<group>"; };
		D3599A0F1EA52B5000EC1D9B /* Odin Rounded-Regular.otf */ = {isa = PBXFileReference; lastKnownFileType = file; path = "Odin Rounded-Regular.otf"; sourceTree = "<group>"; };
		D3599A1A1EA52BD200EC1D9B /* exljbris-MuseoSans-300.otf */ = {isa = PBXFileReference; lastKnownFileType = file; path = "exljbris-MuseoSans-300.otf"; sourceTree = "<group>"; };
		D3599A1B1EA52BD200EC1D9B /* exljbris-MuseoSans-500.otf */ = {isa = PBXFileReference; lastKnownFileType = file; path = "exljbris-MuseoSans-500.otf"; sourceTree = "<group>"; };
		D3599A1E1EA5342500EC1D9B /* LoginViewController.swift */ = {isa = PBXFileReference; fileEncoding = 4; lastKnownFileType = sourcecode.swift; path = LoginViewController.swift; sourceTree = "<group>"; };
		D39749E51EA67CAB00E41482 /* SignupViewController.swift */ = {isa = PBXFileReference; fileEncoding = 4; lastKnownFileType = sourcecode.swift; path = SignupViewController.swift; sourceTree = "<group>"; };
		D3BAC6271EB599A1002745AC /* TabBarViewController.swift */ = {isa = PBXFileReference; fileEncoding = 4; lastKnownFileType = sourcecode.swift; path = TabBarViewController.swift; sourceTree = "<group>"; };
		D3BAC62E1EB59B4F002745AC /* MessageVC.swift */ = {isa = PBXFileReference; fileEncoding = 4; lastKnownFileType = sourcecode.swift; path = MessageVC.swift; sourceTree = "<group>"; };
		D3BAC6301EB59B61002745AC /* ActivityVC.swift */ = {isa = PBXFileReference; fileEncoding = 4; lastKnownFileType = sourcecode.swift; path = ActivityVC.swift; sourceTree = "<group>"; };
		D3BAC6321EB59B6E002745AC /* ProfileVC.swift */ = {isa = PBXFileReference; fileEncoding = 4; lastKnownFileType = sourcecode.swift; path = ProfileVC.swift; sourceTree = "<group>"; };
		D3C2CCB91EA3B39A00996D8F /* Bonfire.app */ = {isa = PBXFileReference; explicitFileType = wrapper.application; includeInIndex = 0; path = Bonfire.app; sourceTree = BUILT_PRODUCTS_DIR; };
		D3C2CCBC1EA3B39A00996D8F /* AppDelegate.swift */ = {isa = PBXFileReference; lastKnownFileType = sourcecode.swift; path = AppDelegate.swift; sourceTree = "<group>"; };
		D3C2CCBE1EA3B39A00996D8F /* ViewController.swift */ = {isa = PBXFileReference; lastKnownFileType = sourcecode.swift; path = ViewController.swift; sourceTree = "<group>"; };
		D3C2CCC11EA3B39A00996D8F /* Base */ = {isa = PBXFileReference; lastKnownFileType = file.storyboard; name = Base; path = Base.lproj/Main.storyboard; sourceTree = "<group>"; };
		D3C2CCC31EA3B39A00996D8F /* Assets.xcassets */ = {isa = PBXFileReference; lastKnownFileType = folder.assetcatalog; path = Assets.xcassets; sourceTree = "<group>"; };
		D3C2CCC61EA3B39A00996D8F /* Base */ = {isa = PBXFileReference; lastKnownFileType = file.storyboard; name = Base; path = Base.lproj/LaunchScreen.storyboard; sourceTree = "<group>"; };
		D3C2CCC81EA3B39A00996D8F /* Info.plist */ = {isa = PBXFileReference; lastKnownFileType = text.plist.xml; path = Info.plist; sourceTree = "<group>"; };
		D3C2CCD01EA3B96100996D8F /* AppUtils.swift */ = {isa = PBXFileReference; fileEncoding = 4; lastKnownFileType = sourcecode.swift; path = AppUtils.swift; sourceTree = "<group>"; };
		D3C2CCD11EA3B96100996D8F /* Constant.swift */ = {isa = PBXFileReference; fileEncoding = 4; lastKnownFileType = sourcecode.swift; path = Constant.swift; sourceTree = "<group>"; };
		D3C2CCD81EA3B96100996D8F /* AFError.swift */ = {isa = PBXFileReference; fileEncoding = 4; lastKnownFileType = sourcecode.swift; path = AFError.swift; sourceTree = "<group>"; };
		D3C2CCD91EA3B96100996D8F /* Alamofire.h */ = {isa = PBXFileReference; fileEncoding = 4; lastKnownFileType = sourcecode.c.h; path = Alamofire.h; sourceTree = "<group>"; };
		D3C2CCDA1EA3B96100996D8F /* Alamofire.swift */ = {isa = PBXFileReference; fileEncoding = 4; lastKnownFileType = sourcecode.swift; path = Alamofire.swift; sourceTree = "<group>"; };
		D3C2CCDB1EA3B96100996D8F /* DispatchQueue+Alamofire.swift */ = {isa = PBXFileReference; fileEncoding = 4; lastKnownFileType = sourcecode.swift; path = "DispatchQueue+Alamofire.swift"; sourceTree = "<group>"; };
		D3C2CCDC1EA3B96100996D8F /* Info.plist */ = {isa = PBXFileReference; fileEncoding = 4; lastKnownFileType = text.plist.xml; path = Info.plist; sourceTree = "<group>"; };
		D3C2CCDD1EA3B96100996D8F /* MultipartFormData.swift */ = {isa = PBXFileReference; fileEncoding = 4; lastKnownFileType = sourcecode.swift; path = MultipartFormData.swift; sourceTree = "<group>"; };
		D3C2CCDE1EA3B96100996D8F /* NetworkReachabilityManager.swift */ = {isa = PBXFileReference; fileEncoding = 4; lastKnownFileType = sourcecode.swift; path = NetworkReachabilityManager.swift; sourceTree = "<group>"; };
		D3C2CCDF1EA3B96100996D8F /* Notifications.swift */ = {isa = PBXFileReference; fileEncoding = 4; lastKnownFileType = sourcecode.swift; path = Notifications.swift; sourceTree = "<group>"; };
		D3C2CCE01EA3B96100996D8F /* ParameterEncoding.swift */ = {isa = PBXFileReference; fileEncoding = 4; lastKnownFileType = sourcecode.swift; path = ParameterEncoding.swift; sourceTree = "<group>"; };
		D3C2CCE11EA3B96100996D8F /* Request.swift */ = {isa = PBXFileReference; fileEncoding = 4; lastKnownFileType = sourcecode.swift; path = Request.swift; sourceTree = "<group>"; };
		D3C2CCE21EA3B96100996D8F /* Response.swift */ = {isa = PBXFileReference; fileEncoding = 4; lastKnownFileType = sourcecode.swift; path = Response.swift; sourceTree = "<group>"; };
		D3C2CCE31EA3B96100996D8F /* ResponseSerialization.swift */ = {isa = PBXFileReference; fileEncoding = 4; lastKnownFileType = sourcecode.swift; path = ResponseSerialization.swift; sourceTree = "<group>"; };
		D3C2CCE41EA3B96100996D8F /* Result.swift */ = {isa = PBXFileReference; fileEncoding = 4; lastKnownFileType = sourcecode.swift; path = Result.swift; sourceTree = "<group>"; };
		D3C2CCE51EA3B96100996D8F /* ServerTrustPolicy.swift */ = {isa = PBXFileReference; fileEncoding = 4; lastKnownFileType = sourcecode.swift; path = ServerTrustPolicy.swift; sourceTree = "<group>"; };
		D3C2CCE61EA3B96100996D8F /* SessionDelegate.swift */ = {isa = PBXFileReference; fileEncoding = 4; lastKnownFileType = sourcecode.swift; path = SessionDelegate.swift; sourceTree = "<group>"; };
		D3C2CCE71EA3B96100996D8F /* SessionManager.swift */ = {isa = PBXFileReference; fileEncoding = 4; lastKnownFileType = sourcecode.swift; path = SessionManager.swift; sourceTree = "<group>"; };
		D3C2CCE81EA3B96100996D8F /* TaskDelegate.swift */ = {isa = PBXFileReference; fileEncoding = 4; lastKnownFileType = sourcecode.swift; path = TaskDelegate.swift; sourceTree = "<group>"; };
		D3C2CCE91EA3B96100996D8F /* Timeline.swift */ = {isa = PBXFileReference; fileEncoding = 4; lastKnownFileType = sourcecode.swift; path = Timeline.swift; sourceTree = "<group>"; };
		D3C2CCEA1EA3B96100996D8F /* Validation.swift */ = {isa = PBXFileReference; fileEncoding = 4; lastKnownFileType = sourcecode.swift; path = Validation.swift; sourceTree = "<group>"; };
		D3C2CCEB1EA3B96100996D8F /* SwiftyJSON.h */ = {isa = PBXFileReference; fileEncoding = 4; lastKnownFileType = sourcecode.c.h; path = SwiftyJSON.h; sourceTree = "<group>"; };
		D3C2CCEC1EA3B96100996D8F /* SwiftyJSON.swift */ = {isa = PBXFileReference; fileEncoding = 4; lastKnownFileType = sourcecode.swift; path = SwiftyJSON.swift; sourceTree = "<group>"; };
		D3C2CCEF1EA3B96100996D8F /* IQNSArray+Sort.swift */ = {isa = PBXFileReference; fileEncoding = 4; lastKnownFileType = sourcecode.swift; path = "IQNSArray+Sort.swift"; sourceTree = "<group>"; };
		D3C2CCF01EA3B96100996D8F /* IQUIScrollView+Additions.swift */ = {isa = PBXFileReference; fileEncoding = 4; lastKnownFileType = sourcecode.swift; path = "IQUIScrollView+Additions.swift"; sourceTree = "<group>"; };
		D3C2CCF11EA3B96100996D8F /* IQUITextFieldView+Additions.swift */ = {isa = PBXFileReference; fileEncoding = 4; lastKnownFileType = sourcecode.swift; path = "IQUITextFieldView+Additions.swift"; sourceTree = "<group>"; };
		D3C2CCF21EA3B96100996D8F /* IQUIView+Hierarchy.swift */ = {isa = PBXFileReference; fileEncoding = 4; lastKnownFileType = sourcecode.swift; path = "IQUIView+Hierarchy.swift"; sourceTree = "<group>"; };
		D3C2CCF31EA3B96100996D8F /* IQUIViewController+Additions.swift */ = {isa = PBXFileReference; fileEncoding = 4; lastKnownFileType = sourcecode.swift; path = "IQUIViewController+Additions.swift"; sourceTree = "<group>"; };
		D3C2CCF41EA3B96100996D8F /* IQUIWindow+Hierarchy.swift */ = {isa = PBXFileReference; fileEncoding = 4; lastKnownFileType = sourcecode.swift; path = "IQUIWindow+Hierarchy.swift"; sourceTree = "<group>"; };
		D3C2CCF61EA3B96100996D8F /* IQKeyboardManagerConstants.swift */ = {isa = PBXFileReference; fileEncoding = 4; lastKnownFileType = sourcecode.swift; path = IQKeyboardManagerConstants.swift; sourceTree = "<group>"; };
		D3C2CCF71EA3B96100996D8F /* IQKeyboardManagerConstantsInternal.swift */ = {isa = PBXFileReference; fileEncoding = 4; lastKnownFileType = sourcecode.swift; path = IQKeyboardManagerConstantsInternal.swift; sourceTree = "<group>"; };
		D3C2CCF81EA3B96100996D8F /* IQKeyboardManager.swift */ = {isa = PBXFileReference; fileEncoding = 4; lastKnownFileType = sourcecode.swift; path = IQKeyboardManager.swift; sourceTree = "<group>"; };
		D3C2CCF91EA3B96100996D8F /* IQKeyboardManagerSwift.h */ = {isa = PBXFileReference; fileEncoding = 4; lastKnownFileType = sourcecode.c.h; path = IQKeyboardManagerSwift.h; sourceTree = "<group>"; };
		D3C2CCFA1EA3B96100996D8F /* IQKeyboardReturnKeyHandler.swift */ = {isa = PBXFileReference; fileEncoding = 4; lastKnownFileType = sourcecode.swift; path = IQKeyboardReturnKeyHandler.swift; sourceTree = "<group>"; };
		D3C2CCFC1EA3B96100996D8F /* IQTextView.swift */ = {isa = PBXFileReference; fileEncoding = 4; lastKnownFileType = sourcecode.swift; path = IQTextView.swift; sourceTree = "<group>"; };
		D3C2CCFE1EA3B96100996D8F /* IQBarButtonItem.swift */ = {isa = PBXFileReference; fileEncoding = 4; lastKnownFileType = sourcecode.swift; path = IQBarButtonItem.swift; sourceTree = "<group>"; };
		D3C2CCFF1EA3B96100996D8F /* IQPreviousNextView.swift */ = {isa = PBXFileReference; fileEncoding = 4; lastKnownFileType = sourcecode.swift; path = IQPreviousNextView.swift; sourceTree = "<group>"; };
		D3C2CD001EA3B96100996D8F /* IQTitleBarButtonItem.swift */ = {isa = PBXFileReference; fileEncoding = 4; lastKnownFileType = sourcecode.swift; path = IQTitleBarButtonItem.swift; sourceTree = "<group>"; };
		D3C2CD011EA3B96100996D8F /* IQToolbar.swift */ = {isa = PBXFileReference; fileEncoding = 4; lastKnownFileType = sourcecode.swift; path = IQToolbar.swift; sourceTree = "<group>"; };
		D3C2CD021EA3B96100996D8F /* IQUIView+IQKeyboardToolbar.swift */ = {isa = PBXFileReference; fileEncoding = 4; lastKnownFileType = sourcecode.swift; path = "IQUIView+IQKeyboardToolbar.swift"; sourceTree = "<group>"; };
		D3C2CD041EA3B96100996D8F /* IQKeyboardManager.bundle */ = {isa = PBXFileReference; lastKnownFileType = "wrapper.plug-in"; path = IQKeyboardManager.bundle; sourceTree = "<group>"; };
		D3C2CD311EA3C87B00996D8F /* LoginVC.swift */ = {isa = PBXFileReference; fileEncoding = 4; lastKnownFileType = sourcecode.swift; path = LoginVC.swift; sourceTree = "<group>"; };
		D3D49AFB1ED152530000ED81 /* GroupTitleVC.swift */ = {isa = PBXFileReference; fileEncoding = 4; lastKnownFileType = sourcecode.swift; path = GroupTitleVC.swift; sourceTree = "<group>"; };
/* End PBXFileReference section */

/* Begin PBXFrameworksBuildPhase section */
		D3C2CCB61EA3B39A00996D8F /* Frameworks */ = {
			isa = PBXFrameworksBuildPhase;
			buildActionMask = 2147483647;
			files = (
			);
			runOnlyForDeploymentPostprocessing = 0;
		};
/* End PBXFrameworksBuildPhase section */

/* Begin PBXGroup section */
		61EE667A1EF05CCE005C57B2 /* SDWebImage */ = {
			isa = PBXGroup;
			children = (
				61EE667B1EF05CCE005C57B2 /* MKAnnotationView+WebCache.h */,
				61EE667C1EF05CCE005C57B2 /* MKAnnotationView+WebCache.m */,
				61EE667D1EF05CCE005C57B2 /* NSData+ImageContentType.h */,
				61EE667E1EF05CCE005C57B2 /* NSData+ImageContentType.m */,
				61EE667F1EF05CCE005C57B2 /* NSImage+WebCache.h */,
				61EE66801EF05CCE005C57B2 /* NSImage+WebCache.m */,
				61EE66811EF05CCE005C57B2 /* SDImageCache.h */,
				61EE66821EF05CCE005C57B2 /* SDImageCache.m */,
				61EE66831EF05CCE005C57B2 /* SDImageCacheConfig.h */,
				61EE66841EF05CCE005C57B2 /* SDImageCacheConfig.m */,
				61EE66851EF05CCE005C57B2 /* SDWebImageCompat.h */,
				61EE66861EF05CCE005C57B2 /* SDWebImageCompat.m */,
				61EE66871EF05CCE005C57B2 /* SDWebImageDecoder.h */,
				61EE66881EF05CCE005C57B2 /* SDWebImageDecoder.m */,
				61EE66891EF05CCE005C57B2 /* SDWebImageDownloader.h */,
				61EE668A1EF05CCE005C57B2 /* SDWebImageDownloader.m */,
				61EE668B1EF05CCE005C57B2 /* SDWebImageDownloaderOperation.h */,
				61EE668C1EF05CCE005C57B2 /* SDWebImageDownloaderOperation.m */,
				61EE668D1EF05CCE005C57B2 /* SDWebImageManager.h */,
				61EE668E1EF05CCE005C57B2 /* SDWebImageManager.m */,
				61EE668F1EF05CCE005C57B2 /* SDWebImageOperation.h */,
				61EE66901EF05CCE005C57B2 /* SDWebImagePrefetcher.h */,
				61EE66911EF05CCE005C57B2 /* SDWebImagePrefetcher.m */,
				61EE66921EF05CCE005C57B2 /* UIButton+WebCache.h */,
				61EE66931EF05CCE005C57B2 /* UIButton+WebCache.m */,
				61EE66941EF05CCE005C57B2 /* UIImage+GIF.h */,
				61EE66951EF05CCE005C57B2 /* UIImage+GIF.m */,
				61EE66961EF05CCE005C57B2 /* UIImage+MultiFormat.h */,
				61EE66971EF05CCE005C57B2 /* UIImage+MultiFormat.m */,
				61EE66981EF05CCE005C57B2 /* UIImage+WebP.h */,
				61EE66991EF05CCE005C57B2 /* UIImage+WebP.m */,
				61EE669A1EF05CCE005C57B2 /* UIImageView+HighlightedWebCache.h */,
				61EE669B1EF05CCE005C57B2 /* UIImageView+HighlightedWebCache.m */,
				61EE669C1EF05CCE005C57B2 /* UIImageView+WebCache.h */,
				61EE669D1EF05CCE005C57B2 /* UIImageView+WebCache.m */,
				61EE669E1EF05CCE005C57B2 /* UIView+WebCache.h */,
				61EE669F1EF05CCE005C57B2 /* UIView+WebCache.m */,
				61EE66A01EF05CCE005C57B2 /* UIView+WebCacheOperation.h */,
				61EE66A11EF05CCE005C57B2 /* UIView+WebCacheOperation.m */,
			);
			path = SDWebImage;
			sourceTree = "<group>";
		};
		92082AB71EE1CDFD00E3BA4E /* JBDatePicker */ = {
			isa = PBXGroup;
			children = (
				92082AB81EE1CDFD00E3BA4E /* Classes */,
				92082AC61EE1CDFD00E3BA4E /* Info.plist */,
				92082AC71EE1CDFD00E3BA4E /* JBDatePicker.h */,
			);
			path = JBDatePicker;
			sourceTree = "<group>";
		};
		92082AB81EE1CDFD00E3BA4E /* Classes */ = {
			isa = PBXGroup;
			children = (
				92082AB91EE1CDFD00E3BA4E /* JBDate.swift */,
				92082ABA1EE1CDFD00E3BA4E /* JBDateExtension.swift */,
				92082ABB1EE1CDFD00E3BA4E /* JBDatePickerContentVC.swift */,
				92082ABC1EE1CDFD00E3BA4E /* JBDatePickerDayView.swift */,
				92082ABD1EE1CDFD00E3BA4E /* JBDatePickerEnums.swift */,
				92082ABE1EE1CDFD00E3BA4E /* JBDatePickerManager.swift */,
				92082ABF1EE1CDFD00E3BA4E /* JBDatePickerMonthView.swift */,
				92082AC01EE1CDFD00E3BA4E /* JBDatePickerSelectionView.swift */,
				92082AC11EE1CDFD00E3BA4E /* JBDatePickerView.swift */,
				92082AC21EE1CDFD00E3BA4E /* JBDatePickerViewDelegate.swift */,
				92082AC31EE1CDFD00E3BA4E /* JBDatePickerWeekDaysView.swift */,
				92082AC41EE1CDFD00E3BA4E /* JBDatePickerWeekView.swift */,
				92082AC51EE1CDFD00E3BA4E /* JBFont.swift */,
			);
			path = Classes;
			sourceTree = "<group>";
		};
		92082AD61EE1CFCC00E3BA4E /* DatePickerView */ = {
			isa = PBXGroup;
			children = (
				92082AD71EE1CFCC00E3BA4E /* DatePickerViewController.swift */,
			);
			path = DatePickerView;
			sourceTree = "<group>";
		};
		D30D9E931EB4704F00245FE5 /* HTagViewInterest */ = {
			isa = PBXGroup;
			children = (
				D30D9E951EB4704F00245FE5 /* HTag.swift */,
				D30D9E961EB4704F00245FE5 /* HTagView.swift */,
			);
			path = HTagViewInterest;
			sourceTree = "<group>";
		};
		D30D9E9C1EB470A000245FE5 /* Interests */ = {
			isa = PBXGroup;
			children = (
				D31211991ED0527E00DAE68C /* InterestCell.swift */,
				D30D9E9D1EB470B700245FE5 /* InterestVC.swift */,
			);
			path = Interests;
			sourceTree = "<group>";
		};
		D30D9EA01EB4736600245FE5 /* TourGuide */ = {
			isa = PBXGroup;
			children = (
				D30D9EA11EB4737800245FE5 /* TourGuideVC.swift */,
			);
			path = TourGuide;
			sourceTree = "<group>";
		};
		D30D9EA51EB4C63500245FE5 /* DiscoverView */ = {
			isa = PBXGroup;
			children = (
				D35522311EB5EBD000E0608C /* DiscoverCell.swift */,
				D30D9EA81EB4C64800245FE5 /* DiscoverVC.swift */,
			);
			path = DiscoverView;
			sourceTree = "<group>";
		};
		D3599A071EA52B5000EC1D9B /* fonts */ = {
			isa = PBXGroup;
			children = (
				D3599A1A1EA52BD200EC1D9B /* exljbris-MuseoSans-300.otf */,
				D3599A1B1EA52BD200EC1D9B /* exljbris-MuseoSans-500.otf */,
				D3599A081EA52B5000EC1D9B /* Cabin-Bold.ttf */,
				D3599A091EA52B5000EC1D9B /* Cabin-Regular.ttf */,
				D3599A0C1EA52B5000EC1D9B /* Montserrat-Bold.ttf */,
				D3599A0D1EA52B5000EC1D9B /* Montserrat-Light.otf */,
				D3599A0E1EA52B5000EC1D9B /* Montserrat-Regular.ttf */,
				D3599A0F1EA52B5000EC1D9B /* Odin Rounded-Regular.otf */,
			);
			path = fonts;
			sourceTree = "<group>";
		};
		D3BAC6261EB599A1002745AC /* TabbarVC */ = {
			isa = PBXGroup;
			children = (
				D3BAC6271EB599A1002745AC /* TabBarViewController.swift */,
			);
			path = TabbarVC;
			sourceTree = "<group>";
		};
		D3BAC62B1EB59B3A002745AC /* ProfileVC */ = {
			isa = PBXGroup;
			children = (
				D3BAC6321EB59B6E002745AC /* ProfileVC.swift */,
			);
			path = ProfileVC;
			sourceTree = "<group>";
		};
		D3BAC62C1EB59B3A002745AC /* ActivityVC */ = {
			isa = PBXGroup;
			children = (
				D31211851ED0521500DAE68C /* CreateGroupVC.swift */,
				73E2E2421ED2239800FA7F41 /* ChannelCell.swift */,
				D31211861ED0521500DAE68C /* CreateGrpCell.swift */,
				D31211871ED0521500DAE68C /* GroupCell.swift */,
				D31211881ED0521500DAE68C /* GroupEventDetailVC.swift */,
				D31211891ED0521500DAE68C /* GroupVC.swift */,
				D312118A1ED0521500DAE68C /* GroupEventDetailCell.swift */,
				D312118B1ED0521500DAE68C /* profileCollectonviewCell.swift */,
				D312118C1ED0521500DAE68C /* SettingCell.swift */,
				D312118D1ED0521500DAE68C /* SettingVC.swift */,
				D3BAC6301EB59B61002745AC /* ActivityVC.swift */,
				D3D49AFB1ED152530000ED81 /* GroupTitleVC.swift */,
				734F05001ED35D2900AB4FA1 /* MemberCell.swift */,
			);
			path = ActivityVC;
			sourceTree = "<group>";
		};
		D3BAC62D1EB59B3A002745AC /* MessageVC */ = {
			isa = PBXGroup;
			children = (
				D3BAC62E1EB59B4F002745AC /* MessageVC.swift */,
				92E51A931EC239A90022AC6A /* AddInterestToMsgVC.swift */,
			);
			path = MessageVC;
			sourceTree = "<group>";
		};
		D3C2CCB01EA3B39A00996D8F = {
			isa = PBXGroup;
			children = (
				D3C2CCBB1EA3B39A00996D8F /* Bonfire */,
				D3C2CCBA1EA3B39A00996D8F /* Products */,
			);
			sourceTree = "<group>";
		};
		D3C2CCBA1EA3B39A00996D8F /* Products */ = {
			isa = PBXGroup;
			children = (
				D3C2CCB91EA3B39A00996D8F /* Bonfire.app */,
			);
			name = Products;
			sourceTree = "<group>";
		};
		D3C2CCBB1EA3B39A00996D8F /* Bonfire */ = {
			isa = PBXGroup;
			children = (
				92082AD61EE1CFCC00E3BA4E /* DatePickerView */,
				92082AB71EE1CDFD00E3BA4E /* JBDatePicker */,
				D3BAC62B1EB59B3A002745AC /* ProfileVC */,
				D3BAC62C1EB59B3A002745AC /* ActivityVC */,
				D3BAC62D1EB59B3A002745AC /* MessageVC */,
				D3BAC6261EB599A1002745AC /* TabbarVC */,
				D30D9EA51EB4C63500245FE5 /* DiscoverView */,
				D30D9EA01EB4736600245FE5 /* TourGuide */,
				D30D9E9C1EB470A000245FE5 /* Interests */,
				D30D9E931EB4704F00245FE5 /* HTagViewInterest */,
				D3599A071EA52B5000EC1D9B /* fonts */,
				D3C2CD301EA3C86D00996D8F /* Login&Registration */,
				D3C2CCCF1EA3B96100996D8F /* Utility */,
				D3C2CCD21EA3B96100996D8F /* WebServiceClass */,
				D3C2CCED1EA3B96100996D8F /* IQKeyboardManagerSwift */,
				D3C2CCBC1EA3B39A00996D8F /* AppDelegate.swift */,
				D3C2CCBE1EA3B39A00996D8F /* ViewController.swift */,
				D3C2CCC01EA3B39A00996D8F /* Main.storyboard */,
				92E51A8F1EC235B70022AC6A /* Main2.storyboard */,
				D3C2CCC31EA3B39A00996D8F /* Assets.xcassets */,
				D3C2CCC51EA3B39A00996D8F /* LaunchScreen.storyboard */,
				D3C2CCC81EA3B39A00996D8F /* Info.plist */,
				61EE66B51EF067CA005C57B2 /* Bonfire-Bridging-Header.h */,
			);
			path = Bonfire;
			sourceTree = "<group>";
		};
		D3C2CCCF1EA3B96100996D8F /* Utility */ = {
			isa = PBXGroup;
			children = (
				61EE667A1EF05CCE005C57B2 /* SDWebImage */,
				D3C2CCD01EA3B96100996D8F /* AppUtils.swift */,
				D3C2CCD11EA3B96100996D8F /* Constant.swift */,
			);
			path = Utility;
			sourceTree = "<group>";
		};
		D3C2CCD21EA3B96100996D8F /* WebServiceClass */ = {
			isa = PBXGroup;
			children = (
				D3C2CCD71EA3B96100996D8F /* Source */,
				D3C2CCEB1EA3B96100996D8F /* SwiftyJSON.h */,
				D3C2CCEC1EA3B96100996D8F /* SwiftyJSON.swift */,
			);
			path = WebServiceClass;
			sourceTree = "<group>";
		};
		D3C2CCD71EA3B96100996D8F /* Source */ = {
			isa = PBXGroup;
			children = (
				D3C2CCD81EA3B96100996D8F /* AFError.swift */,
				D3C2CCD91EA3B96100996D8F /* Alamofire.h */,
				D3C2CCDA1EA3B96100996D8F /* Alamofire.swift */,
				D3C2CCDB1EA3B96100996D8F /* DispatchQueue+Alamofire.swift */,
				D3C2CCDC1EA3B96100996D8F /* Info.plist */,
				D3C2CCDD1EA3B96100996D8F /* MultipartFormData.swift */,
				D3C2CCDE1EA3B96100996D8F /* NetworkReachabilityManager.swift */,
				D3C2CCDF1EA3B96100996D8F /* Notifications.swift */,
				D3C2CCE01EA3B96100996D8F /* ParameterEncoding.swift */,
				D3C2CCE11EA3B96100996D8F /* Request.swift */,
				D3C2CCE21EA3B96100996D8F /* Response.swift */,
				D3C2CCE31EA3B96100996D8F /* ResponseSerialization.swift */,
				D3C2CCE41EA3B96100996D8F /* Result.swift */,
				D3C2CCE51EA3B96100996D8F /* ServerTrustPolicy.swift */,
				D3C2CCE61EA3B96100996D8F /* SessionDelegate.swift */,
				D3C2CCE71EA3B96100996D8F /* SessionManager.swift */,
				D3C2CCE81EA3B96100996D8F /* TaskDelegate.swift */,
				D3C2CCE91EA3B96100996D8F /* Timeline.swift */,
				D3C2CCEA1EA3B96100996D8F /* Validation.swift */,
			);
			path = Source;
			sourceTree = "<group>";
		};
		D3C2CCED1EA3B96100996D8F /* IQKeyboardManagerSwift */ = {
			isa = PBXGroup;
			children = (
				D3C2CCEE1EA3B96100996D8F /* Categories */,
				D3C2CCF51EA3B96100996D8F /* Constants */,
				D3C2CCF81EA3B96100996D8F /* IQKeyboardManager.swift */,
				D3C2CCF91EA3B96100996D8F /* IQKeyboardManagerSwift.h */,
				D3C2CCFA1EA3B96100996D8F /* IQKeyboardReturnKeyHandler.swift */,
				D3C2CCFB1EA3B96100996D8F /* IQTextView */,
				D3C2CCFD1EA3B96100996D8F /* IQToolbar */,
				D3C2CD031EA3B96100996D8F /* Resources */,
			);
			path = IQKeyboardManagerSwift;
			sourceTree = "<group>";
		};
		D3C2CCEE1EA3B96100996D8F /* Categories */ = {
			isa = PBXGroup;
			children = (
				D3C2CCEF1EA3B96100996D8F /* IQNSArray+Sort.swift */,
				D3C2CCF01EA3B96100996D8F /* IQUIScrollView+Additions.swift */,
				D3C2CCF11EA3B96100996D8F /* IQUITextFieldView+Additions.swift */,
				D3C2CCF21EA3B96100996D8F /* IQUIView+Hierarchy.swift */,
				D3C2CCF31EA3B96100996D8F /* IQUIViewController+Additions.swift */,
				D3C2CCF41EA3B96100996D8F /* IQUIWindow+Hierarchy.swift */,
			);
			path = Categories;
			sourceTree = "<group>";
		};
		D3C2CCF51EA3B96100996D8F /* Constants */ = {
			isa = PBXGroup;
			children = (
				D3C2CCF61EA3B96100996D8F /* IQKeyboardManagerConstants.swift */,
				D3C2CCF71EA3B96100996D8F /* IQKeyboardManagerConstantsInternal.swift */,
			);
			path = Constants;
			sourceTree = "<group>";
		};
		D3C2CCFB1EA3B96100996D8F /* IQTextView */ = {
			isa = PBXGroup;
			children = (
				D3C2CCFC1EA3B96100996D8F /* IQTextView.swift */,
			);
			path = IQTextView;
			sourceTree = "<group>";
		};
		D3C2CCFD1EA3B96100996D8F /* IQToolbar */ = {
			isa = PBXGroup;
			children = (
				D3C2CCFE1EA3B96100996D8F /* IQBarButtonItem.swift */,
				D3C2CCFF1EA3B96100996D8F /* IQPreviousNextView.swift */,
				D3C2CD001EA3B96100996D8F /* IQTitleBarButtonItem.swift */,
				D3C2CD011EA3B96100996D8F /* IQToolbar.swift */,
				D3C2CD021EA3B96100996D8F /* IQUIView+IQKeyboardToolbar.swift */,
			);
			path = IQToolbar;
			sourceTree = "<group>";
		};
		D3C2CD031EA3B96100996D8F /* Resources */ = {
			isa = PBXGroup;
			children = (
				D3C2CD041EA3B96100996D8F /* IQKeyboardManager.bundle */,
			);
			path = Resources;
			sourceTree = "<group>";
		};
		D3C2CD301EA3C86D00996D8F /* Login&Registration */ = {
			isa = PBXGroup;
			children = (
				D3C2CD311EA3C87B00996D8F /* LoginVC.swift */,
				D3599A1E1EA5342500EC1D9B /* LoginViewController.swift */,
				D39749E51EA67CAB00E41482 /* SignupViewController.swift */,
			);
			path = "Login&Registration";
			sourceTree = "<group>";
		};
/* End PBXGroup section */

/* Begin PBXNativeTarget section */
		D3C2CCB81EA3B39A00996D8F /* Bonfire */ = {
			isa = PBXNativeTarget;
			buildConfigurationList = D3C2CCCB1EA3B39A00996D8F /* Build configuration list for PBXNativeTarget "Bonfire" */;
			buildPhases = (
				D3C2CCB51EA3B39A00996D8F /* Sources */,
				D3C2CCB61EA3B39A00996D8F /* Frameworks */,
				D3C2CCB71EA3B39A00996D8F /* Resources */,
			);
			buildRules = (
			);
			dependencies = (
			);
			name = Bonfire;
			productName = Bonfire;
			productReference = D3C2CCB91EA3B39A00996D8F /* Bonfire.app */;
			productType = "com.apple.product-type.application";
		};
/* End PBXNativeTarget section */

/* Begin PBXProject section */
		D3C2CCB11EA3B39A00996D8F /* Project object */ = {
			isa = PBXProject;
			attributes = {
				LastSwiftUpdateCheck = 0800;
				LastUpgradeCheck = 0800;
				ORGANIZATIONNAME = Niyati;
				TargetAttributes = {
					D3C2CCB81EA3B39A00996D8F = {
						CreatedOnToolsVersion = 8.0;
						ProvisioningStyle = Manual;
					};
				};
			};
			buildConfigurationList = D3C2CCB41EA3B39A00996D8F /* Build configuration list for PBXProject "Bonfire" */;
			compatibilityVersion = "Xcode 3.2";
			developmentRegion = English;
			hasScannedForEncodings = 0;
			knownRegions = (
				en,
				Base,
			);
			mainGroup = D3C2CCB01EA3B39A00996D8F;
			productRefGroup = D3C2CCBA1EA3B39A00996D8F /* Products */;
			projectDirPath = "";
			projectRoot = "";
			targets = (
				D3C2CCB81EA3B39A00996D8F /* Bonfire */,
			);
		};
/* End PBXProject section */

/* Begin PBXResourcesBuildPhase section */
		D3C2CCB71EA3B39A00996D8F /* Resources */ = {
			isa = PBXResourcesBuildPhase;
			buildActionMask = 2147483647;
			files = (
				92082AD51EE1CDFD00E3BA4E /* Info.plist in Resources */,
				D3C2CCC71EA3B39A00996D8F /* LaunchScreen.storyboard in Resources */,
				D3599A171EA52B5000EC1D9B /* Odin Rounded-Regular.otf in Resources */,
				D3599A111EA52B5000EC1D9B /* Cabin-Regular.ttf in Resources */,
				D3599A1D1EA52BD200EC1D9B /* exljbris-MuseoSans-500.otf in Resources */,
				D3599A101EA52B5000EC1D9B /* Cabin-Bold.ttf in Resources */,
				D3C2CD2B1EA3B96100996D8F /* IQKeyboardManager.bundle in Resources */,
				D3C2CCC41EA3B39A00996D8F /* Assets.xcassets in Resources */,
				D3599A161EA52B5000EC1D9B /* Montserrat-Regular.ttf in Resources */,
				D3C2CD0B1EA3B96100996D8F /* Info.plist in Resources */,
				D3599A1C1EA52BD200EC1D9B /* exljbris-MuseoSans-300.otf in Resources */,
				D3C2CCC21EA3B39A00996D8F /* Main.storyboard in Resources */,
				D3599A141EA52B5000EC1D9B /* Montserrat-Bold.ttf in Resources */,
				92E51A901EC235B70022AC6A /* Main2.storyboard in Resources */,
				D3599A151EA52B5000EC1D9B /* Montserrat-Light.otf in Resources */,
			);
			runOnlyForDeploymentPostprocessing = 0;
		};
/* End PBXResourcesBuildPhase section */

/* Begin PBXSourcesBuildPhase section */
		D3C2CCB51EA3B39A00996D8F /* Sources */ = {
			isa = PBXSourcesBuildPhase;
			buildActionMask = 2147483647;
			files = (
				D3C2CD0E1EA3B96100996D8F /* Notifications.swift in Sources */,
				D3C2CD211EA3B96100996D8F /* IQKeyboardManagerConstants.swift in Sources */,
				D3BAC6281EB599A1002745AC /* TabBarViewController.swift in Sources */,
				61EE66AB1EF05CCE005C57B2 /* SDWebImageManager.m in Sources */,
				D312118E1ED0521500DAE68C /* CreateGroupVC.swift in Sources */,
				61EE66A31EF05CCE005C57B2 /* NSData+ImageContentType.m in Sources */,
				92082ACF1EE1CDFD00E3BA4E /* JBDatePickerSelectionView.swift in Sources */,
				D3C2CD101EA3B96100996D8F /* Request.swift in Sources */,
				D30D9EA21EB4737800245FE5 /* TourGuideVC.swift in Sources */,
				D3BAC6311EB59B61002745AC /* ActivityVC.swift in Sources */,
				D3C2CD1B1EA3B96100996D8F /* IQNSArray+Sort.swift in Sources */,
				92082AD21EE1CDFD00E3BA4E /* JBDatePickerWeekDaysView.swift in Sources */,
				D3C2CD171EA3B96100996D8F /* TaskDelegate.swift in Sources */,
				D312119A1ED0527E00DAE68C /* InterestCell.swift in Sources */,
				D3C2CD221EA3B96100996D8F /* IQKeyboardManagerConstantsInternal.swift in Sources */,
				D3C2CD1A1EA3B96100996D8F /* SwiftyJSON.swift in Sources */,
				D3C2CD1C1EA3B96100996D8F /* IQUIScrollView+Additions.swift in Sources */,
				D30D9EA91EB4C64800245FE5 /* DiscoverVC.swift in Sources */,
				D3C2CD2A1EA3B96100996D8F /* IQUIView+IQKeyboardToolbar.swift in Sources */,
				D3D49AFC1ED152530000ED81 /* GroupTitleVC.swift in Sources */,
				92082AD31EE1CDFD00E3BA4E /* JBDatePickerWeekView.swift in Sources */,
				D3C2CD251EA3B96100996D8F /* IQTextView.swift in Sources */,
				D3C2CD281EA3B96100996D8F /* IQTitleBarButtonItem.swift in Sources */,
				D3C2CD291EA3B96100996D8F /* IQToolbar.swift in Sources */,
				D35522321EB5EBD000E0608C /* DiscoverCell.swift in Sources */,
				92082ACB1EE1CDFD00E3BA4E /* JBDatePickerDayView.swift in Sources */,
				D3C2CD161EA3B96100996D8F /* SessionManager.swift in Sources */,
				61EE66A51EF05CCE005C57B2 /* SDImageCache.m in Sources */,
				D312118F1ED0521500DAE68C /* CreateGrpCell.swift in Sources */,
				D3C2CD091EA3B96100996D8F /* Alamofire.swift in Sources */,
				D3C2CD0D1EA3B96100996D8F /* NetworkReachabilityManager.swift in Sources */,
				61EE66A81EF05CCE005C57B2 /* SDWebImageDecoder.m in Sources */,
				D31211941ED0521500DAE68C /* profileCollectonviewCell.swift in Sources */,
				61EE66B01EF05CCE005C57B2 /* UIImage+WebP.m in Sources */,
				61EE66A61EF05CCE005C57B2 /* SDImageCacheConfig.m in Sources */,
				D3C2CD0A1EA3B96100996D8F /* DispatchQueue+Alamofire.swift in Sources */,
				61EE66AD1EF05CCE005C57B2 /* UIButton+WebCache.m in Sources */,
				92082AC91EE1CDFD00E3BA4E /* JBDateExtension.swift in Sources */,
				D3C2CD121EA3B96100996D8F /* ResponseSerialization.swift in Sources */,
				61EE66AE1EF05CCE005C57B2 /* UIImage+GIF.m in Sources */,
				D30D9E991EB4704F00245FE5 /* HTagView.swift in Sources */,
				61EE66A21EF05CCE005C57B2 /* MKAnnotationView+WebCache.m in Sources */,
				D3C2CD181EA3B96100996D8F /* Timeline.swift in Sources */,
				D3C2CD1F1EA3B96100996D8F /* IQUIViewController+Additions.swift in Sources */,
				D3C2CD271EA3B96100996D8F /* IQPreviousNextView.swift in Sources */,
				D3C2CD131EA3B96100996D8F /* Result.swift in Sources */,
				D3C2CD0C1EA3B96100996D8F /* MultipartFormData.swift in Sources */,
				D3C2CD111EA3B96100996D8F /* Response.swift in Sources */,
				92082AD81EE1CFCC00E3BA4E /* DatePickerViewController.swift in Sources */,
				D30D9E981EB4704F00245FE5 /* HTag.swift in Sources */,
				D3C2CD1D1EA3B96100996D8F /* IQUITextFieldView+Additions.swift in Sources */,
				92082ACC1EE1CDFD00E3BA4E /* JBDatePickerEnums.swift in Sources */,
				D3BAC6331EB59B6E002745AC /* ProfileVC.swift in Sources */,
				73E2E2431ED2239800FA7F41 /* ChannelCell.swift in Sources */,
				D3C2CD261EA3B96100996D8F /* IQBarButtonItem.swift in Sources */,
				61EE66B31EF05CCE005C57B2 /* UIView+WebCache.m in Sources */,
				D31211931ED0521500DAE68C /* GroupEventDetailCell.swift in Sources */,
				61EE66AF1EF05CCE005C57B2 /* UIImage+MultiFormat.m in Sources */,
				D31211901ED0521500DAE68C /* GroupCell.swift in Sources */,
				61EE66B11EF05CCE005C57B2 /* UIImageView+HighlightedWebCache.m in Sources */,
				D31211951ED0521500DAE68C /* SettingCell.swift in Sources */,
				D3C2CD0F1EA3B96100996D8F /* ParameterEncoding.swift in Sources */,
				D3C2CD191EA3B96100996D8F /* Validation.swift in Sources */,
				92082ACE1EE1CDFD00E3BA4E /* JBDatePickerMonthView.swift in Sources */,
				61EE66A41EF05CCE005C57B2 /* NSImage+WebCache.m in Sources */,
				D3C2CD051EA3B96100996D8F /* AppUtils.swift in Sources */,
				D3599A1F1EA5342500EC1D9B /* LoginViewController.swift in Sources */,
				92E51A941EC239A90022AC6A /* AddInterestToMsgVC.swift in Sources */,
				92082AD01EE1CDFD00E3BA4E /* JBDatePickerView.swift in Sources */,
				D3C2CD151EA3B96100996D8F /* SessionDelegate.swift in Sources */,
				61EE66A71EF05CCE005C57B2 /* SDWebImageCompat.m in Sources */,
				D3C2CD1E1EA3B96100996D8F /* IQUIView+Hierarchy.swift in Sources */,
				D3C2CD141EA3B96100996D8F /* ServerTrustPolicy.swift in Sources */,
				61EE66AA1EF05CCE005C57B2 /* SDWebImageDownloaderOperation.m in Sources */,
				D30D9E9E1EB470B700245FE5 /* InterestVC.swift in Sources */,
				61EE66B21EF05CCE005C57B2 /* UIImageView+WebCache.m in Sources */,
				D39749E61EA67CAB00E41482 /* SignupViewController.swift in Sources */,
				D3C2CCBF1EA3B39A00996D8F /* ViewController.swift in Sources */,
				92082ACA1EE1CDFD00E3BA4E /* JBDatePickerContentVC.swift in Sources */,
				D3BAC62F1EB59B4F002745AC /* MessageVC.swift in Sources */,
				D3C2CD241EA3B96100996D8F /* IQKeyboardReturnKeyHandler.swift in Sources */,
				92082AD41EE1CDFD00E3BA4E /* JBFont.swift in Sources */,
				92082AD11EE1CDFD00E3BA4E /* JBDatePickerViewDelegate.swift in Sources */,
				D3C2CD081EA3B96100996D8F /* AFError.swift in Sources */,
				D31211961ED0521500DAE68C /* SettingVC.swift in Sources */,
				D3C2CD231EA3B96100996D8F /* IQKeyboardManager.swift in Sources */,
				D3C2CD321EA3C87B00996D8F /* LoginVC.swift in Sources */,
				92082AC81EE1CDFD00E3BA4E /* JBDate.swift in Sources */,
				61EE66AC1EF05CCE005C57B2 /* SDWebImagePrefetcher.m in Sources */,
				61EE66A91EF05CCE005C57B2 /* SDWebImageDownloader.m in Sources */,
				D3C2CCBD1EA3B39A00996D8F /* AppDelegate.swift in Sources */,
				734F05011ED35D2900AB4FA1 /* MemberCell.swift in Sources */,
				D3C2CD061EA3B96100996D8F /* Constant.swift in Sources */,
				D31211921ED0521500DAE68C /* GroupVC.swift in Sources */,
				61EE66B41EF05CCE005C57B2 /* UIView+WebCacheOperation.m in Sources */,
				D31211911ED0521500DAE68C /* GroupEventDetailVC.swift in Sources */,
				D3C2CD201EA3B96100996D8F /* IQUIWindow+Hierarchy.swift in Sources */,
				92082ACD1EE1CDFD00E3BA4E /* JBDatePickerManager.swift in Sources */,
			);
			runOnlyForDeploymentPostprocessing = 0;
		};
/* End PBXSourcesBuildPhase section */

/* Begin PBXVariantGroup section */
		D3C2CCC01EA3B39A00996D8F /* Main.storyboard */ = {
			isa = PBXVariantGroup;
			children = (
				D3C2CCC11EA3B39A00996D8F /* Base */,
			);
			name = Main.storyboard;
			sourceTree = "<group>";
		};
		D3C2CCC51EA3B39A00996D8F /* LaunchScreen.storyboard */ = {
			isa = PBXVariantGroup;
			children = (
				D3C2CCC61EA3B39A00996D8F /* Base */,
			);
			name = LaunchScreen.storyboard;
			sourceTree = "<group>";
		};
/* End PBXVariantGroup section */

/* Begin XCBuildConfiguration section */
		D3C2CCC91EA3B39A00996D8F /* Debug */ = {
			isa = XCBuildConfiguration;
			buildSettings = {
				ALWAYS_SEARCH_USER_PATHS = NO;
				CLANG_ANALYZER_NONNULL = YES;
				CLANG_CXX_LANGUAGE_STANDARD = "gnu++0x";
				CLANG_CXX_LIBRARY = "libc++";
				CLANG_ENABLE_MODULES = YES;
				CLANG_ENABLE_OBJC_ARC = YES;
				CLANG_WARN_BOOL_CONVERSION = YES;
				CLANG_WARN_CONSTANT_CONVERSION = YES;
				CLANG_WARN_DIRECT_OBJC_ISA_USAGE = YES_ERROR;
				CLANG_WARN_DOCUMENTATION_COMMENTS = YES;
				CLANG_WARN_EMPTY_BODY = YES;
				CLANG_WARN_ENUM_CONVERSION = YES;
				CLANG_WARN_INFINITE_RECURSION = YES;
				CLANG_WARN_INT_CONVERSION = YES;
				CLANG_WARN_OBJC_ROOT_CLASS = YES_ERROR;
				CLANG_WARN_SUSPICIOUS_MOVES = YES;
				CLANG_WARN_UNREACHABLE_CODE = YES;
				CLANG_WARN__DUPLICATE_METHOD_MATCH = YES;
				"CODE_SIGN_IDENTITY[sdk=iphoneos*]" = "iPhone Developer";
				COPY_PHASE_STRIP = NO;
				DEBUG_INFORMATION_FORMAT = dwarf;
				ENABLE_STRICT_OBJC_MSGSEND = YES;
				ENABLE_TESTABILITY = YES;
				GCC_C_LANGUAGE_STANDARD = gnu99;
				GCC_DYNAMIC_NO_PIC = NO;
				GCC_NO_COMMON_BLOCKS = YES;
				GCC_OPTIMIZATION_LEVEL = 0;
				GCC_PREPROCESSOR_DEFINITIONS = (
					"DEBUG=1",
					"$(inherited)",
				);
				GCC_WARN_64_TO_32_BIT_CONVERSION = YES;
				GCC_WARN_ABOUT_RETURN_TYPE = YES_ERROR;
				GCC_WARN_UNDECLARED_SELECTOR = YES;
				GCC_WARN_UNINITIALIZED_AUTOS = YES_AGGRESSIVE;
				GCC_WARN_UNUSED_FUNCTION = YES;
				GCC_WARN_UNUSED_VARIABLE = YES;
				IPHONEOS_DEPLOYMENT_TARGET = 9.0;
				MTL_ENABLE_DEBUG_INFO = YES;
				ONLY_ACTIVE_ARCH = YES;
				SDKROOT = iphoneos;
				SWIFT_ACTIVE_COMPILATION_CONDITIONS = DEBUG;
				SWIFT_OPTIMIZATION_LEVEL = "-Onone";
			};
			name = Debug;
		};
		D3C2CCCA1EA3B39A00996D8F /* Release */ = {
			isa = XCBuildConfiguration;
			buildSettings = {
				ALWAYS_SEARCH_USER_PATHS = NO;
				CLANG_ANALYZER_NONNULL = YES;
				CLANG_CXX_LANGUAGE_STANDARD = "gnu++0x";
				CLANG_CXX_LIBRARY = "libc++";
				CLANG_ENABLE_MODULES = YES;
				CLANG_ENABLE_OBJC_ARC = YES;
				CLANG_WARN_BOOL_CONVERSION = YES;
				CLANG_WARN_CONSTANT_CONVERSION = YES;
				CLANG_WARN_DIRECT_OBJC_ISA_USAGE = YES_ERROR;
				CLANG_WARN_DOCUMENTATION_COMMENTS = YES;
				CLANG_WARN_EMPTY_BODY = YES;
				CLANG_WARN_ENUM_CONVERSION = YES;
				CLANG_WARN_INFINITE_RECURSION = YES;
				CLANG_WARN_INT_CONVERSION = YES;
				CLANG_WARN_OBJC_ROOT_CLASS = YES_ERROR;
				CLANG_WARN_SUSPICIOUS_MOVES = YES;
				CLANG_WARN_UNREACHABLE_CODE = YES;
				CLANG_WARN__DUPLICATE_METHOD_MATCH = YES;
				"CODE_SIGN_IDENTITY[sdk=iphoneos*]" = "iPhone Developer";
				COPY_PHASE_STRIP = NO;
				DEBUG_INFORMATION_FORMAT = "dwarf-with-dsym";
				ENABLE_NS_ASSERTIONS = NO;
				ENABLE_STRICT_OBJC_MSGSEND = YES;
				GCC_C_LANGUAGE_STANDARD = gnu99;
				GCC_NO_COMMON_BLOCKS = YES;
				GCC_WARN_64_TO_32_BIT_CONVERSION = YES;
				GCC_WARN_ABOUT_RETURN_TYPE = YES_ERROR;
				GCC_WARN_UNDECLARED_SELECTOR = YES;
				GCC_WARN_UNINITIALIZED_AUTOS = YES_AGGRESSIVE;
				GCC_WARN_UNUSED_FUNCTION = YES;
				GCC_WARN_UNUSED_VARIABLE = YES;
				IPHONEOS_DEPLOYMENT_TARGET = 9.0;
				MTL_ENABLE_DEBUG_INFO = NO;
				SDKROOT = iphoneos;
				SWIFT_OPTIMIZATION_LEVEL = "-Owholemodule";
				VALIDATE_PRODUCT = YES;
			};
			name = Release;
		};
		D3C2CCCC1EA3B39A00996D8F /* Debug */ = {
			isa = XCBuildConfiguration;
			buildSettings = {
				ASSETCATALOG_COMPILER_APPICON_NAME = AppIcon;
				DEVELOPMENT_TEAM = "";
				INFOPLIST_FILE = Bonfire/Info.plist;
				IPHONEOS_DEPLOYMENT_TARGET = 9.0;
				LD_RUNPATH_SEARCH_PATHS = "$(inherited) @executable_path/Frameworks";
				PRODUCT_BUNDLE_IDENTIFIER = com.Bonfire.Bonfire;
				PRODUCT_NAME = "$(TARGET_NAME)";
				SWIFT_OBJC_BRIDGING_HEADER = "/Hardik-WorkSpace/Project/IPH_Bonfire/Bonfire/Bonfire/Bonfire-Bridging-Header.h";
				SWIFT_VERSION = 3.0;
			};
			name = Debug;
		};
		D3C2CCCD1EA3B39A00996D8F /* Release */ = {
			isa = XCBuildConfiguration;
			buildSettings = {
				ASSETCATALOG_COMPILER_APPICON_NAME = AppIcon;
				DEVELOPMENT_TEAM = "";
				INFOPLIST_FILE = Bonfire/Info.plist;
				IPHONEOS_DEPLOYMENT_TARGET = 9.0;
				LD_RUNPATH_SEARCH_PATHS = "$(inherited) @executable_path/Frameworks";
				PRODUCT_BUNDLE_IDENTIFIER = com.Bonfire.Bonfire;
				PRODUCT_NAME = "$(TARGET_NAME)";
				SWIFT_OBJC_BRIDGING_HEADER = "/Hardik-WorkSpace/Project/IPH_Bonfire/Bonfire/Bonfire/Bonfire-Bridging-Header.h";
				SWIFT_VERSION = 3.0;
			};
			name = Release;
		};
/* End XCBuildConfiguration section */

/* Begin XCConfigurationList section */
		D3C2CCB41EA3B39A00996D8F /* Build configuration list for PBXProject "Bonfire" */ = {
			isa = XCConfigurationList;
			buildConfigurations = (
				D3C2CCC91EA3B39A00996D8F /* Debug */,
				D3C2CCCA1EA3B39A00996D8F /* Release */,
			);
			defaultConfigurationIsVisible = 0;
			defaultConfigurationName = Release;
		};
		D3C2CCCB1EA3B39A00996D8F /* Build configuration list for PBXNativeTarget "Bonfire" */ = {
			isa = XCConfigurationList;
			buildConfigurations = (
				D3C2CCCC1EA3B39A00996D8F /* Debug */,
				D3C2CCCD1EA3B39A00996D8F /* Release */,
			);
			defaultConfigurationIsVisible = 0;
			defaultConfigurationName = Release;
		};
/* End XCConfigurationList section */
	};
	rootObject = D3C2CCB11EA3B39A00996D8F /* Project object */;
}
